// !$*UTF8*$!
{
	archiveVersion = 1;
	classes = {
	};
	objectVersion = 51;
	objects = {

/* Begin PBXBuildFile section */
		6A5B9145287AFE088DD0AB2C /* Pods_App.framework in Frameworks */ = {isa = PBXBuildFile; fileRef = 5C630384B2A734E972FA5C16 /* Pods_App.framework */; };
		DE1048F126CB9E47003F5D11 /* MessageModel.swift in Sources */ = {isa = PBXBuildFile; fileRef = DE1048F026CB9E47003F5D11 /* MessageModel.swift */; };
		DE1F3596268682F3005195CA /* AddressViewController.swift in Sources */ = {isa = PBXBuildFile; fileRef = DE1F3595268682F3005195CA /* AddressViewController.swift */; };
		DE1F35982686891B005195CA /* StateModel.swift in Sources */ = {isa = PBXBuildFile; fileRef = DE1F35972686891B005195CA /* StateModel.swift */; };
		DE1F359A26869F89005195CA /* Alerts.swift in Sources */ = {isa = PBXBuildFile; fileRef = DE1F359926869F89005195CA /* Alerts.swift */; };
		DE21B56B26CCC15300B2FB42 /* Messages.storyboard in Resources */ = {isa = PBXBuildFile; fileRef = DE21B56A26CCC15300B2FB42 /* Messages.storyboard */; };
		DE21B56D26CCC96200B2FB42 /* MessageTableViewCell.swift in Sources */ = {isa = PBXBuildFile; fileRef = DE21B56C26CCC96200B2FB42 /* MessageTableViewCell.swift */; };
		DE278925268D8D57009CD37C /* MyStoreViewController.swift in Sources */ = {isa = PBXBuildFile; fileRef = DE278924268D8D57009CD37C /* MyStoreViewController.swift */; };
		DE278927268D8DF4009CD37C /* Shop.swift in Sources */ = {isa = PBXBuildFile; fileRef = DE278926268D8DF4009CD37C /* Shop.swift */; };
		DE3718BE2636A051001CF554 /* SignInViewController.swift in Sources */ = {isa = PBXBuildFile; fileRef = DE3718BD2636A051001CF554 /* SignInViewController.swift */; };
		DE3718C12636A063001CF554 /* SignUpViewController.swift in Sources */ = {isa = PBXBuildFile; fileRef = DE3718C02636A063001CF554 /* SignUpViewController.swift */; };
		DE3B528B26D0853F007DF799 /* MyChatRoom.swift in Sources */ = {isa = PBXBuildFile; fileRef = DE3B528A26D0853F007DF799 /* MyChatRoom.swift */; };
		DE3E66762637A4E900128755 /* AccountTableOptions.swift in Sources */ = {isa = PBXBuildFile; fileRef = DE3E66752637A4E900128755 /* AccountTableOptions.swift */; };
		DE4FEFAB26C6154500BAD3E6 /* ProductImageViewController.swift in Sources */ = {isa = PBXBuildFile; fileRef = DE4FEFAA26C6154500BAD3E6 /* ProductImageViewController.swift */; };
		DE4FEFAD26C6195800BAD3E6 /* ImagePageViewController.swift in Sources */ = {isa = PBXBuildFile; fileRef = DE4FEFAC26C6195800BAD3E6 /* ImagePageViewController.swift */; };
		DE56B5BD269FF84B005E68E2 /* Product.swift in Sources */ = {isa = PBXBuildFile; fileRef = DE56B5BC269FF84B005E68E2 /* Product.swift */; };
		DE6717E326A90EA700FE60DA /* MyProductViewController.swift in Sources */ = {isa = PBXBuildFile; fileRef = DE6717E226A90EA700FE60DA /* MyProductViewController.swift */; };
		DE6A507026A3B63C008B9427 /* AddProductExtraViewController.swift in Sources */ = {isa = PBXBuildFile; fileRef = DE6A506F26A3B63C008B9427 /* AddProductExtraViewController.swift */; };
		DE6A6A3C26AFDBC2006B4D04 /* CartViewController.swift in Sources */ = {isa = PBXBuildFile; fileRef = DE6A6A3B26AFDBC2006B4D04 /* CartViewController.swift */; };
		DE6A6A3E26AFDC9A006B4D04 /* CartItemCollectionViewCell.swift in Sources */ = {isa = PBXBuildFile; fileRef = DE6A6A3D26AFDC9A006B4D04 /* CartItemCollectionViewCell.swift */; };
		DE6B714F26B7AB0E000EF674 /* EditProfile.storyboard in Resources */ = {isa = PBXBuildFile; fileRef = DE6B714E26B7AB0E000EF674 /* EditProfile.storyboard */; };
		DE6B715226B7AB2E000EF674 /* EditProfileViewController.swift in Sources */ = {isa = PBXBuildFile; fileRef = DE6B715126B7AB2E000EF674 /* EditProfileViewController.swift */; };
		DE768903269FFF3400F0C888 /* ManageShopViewController.swift in Sources */ = {isa = PBXBuildFile; fileRef = DE768902269FFF3400F0C888 /* ManageShopViewController.swift */; };
		DE76890526A004E200F0C888 /* General.swift in Sources */ = {isa = PBXBuildFile; fileRef = DE76890426A004E200F0C888 /* General.swift */; };
		DE76890726A007F300F0C888 /* Address.swift in Sources */ = {isa = PBXBuildFile; fileRef = DE76890626A007F300F0C888 /* Address.swift */; };
		DE76890926A016F400F0C888 /* User.swift in Sources */ = {isa = PBXBuildFile; fileRef = DE76890826A016F400F0C888 /* User.swift */; };
		DE7FA7E726CB34290079D278 /* Inbox.storyboard in Resources */ = {isa = PBXBuildFile; fileRef = DE7FA7E626CB34290079D278 /* Inbox.storyboard */; };
		DE7FA7E926CB34CC0079D278 /* InboxViewController.swift in Sources */ = {isa = PBXBuildFile; fileRef = DE7FA7E826CB34CC0079D278 /* InboxViewController.swift */; };
		DE81F39126BC9FE9001C1E94 /* FollowedShopCollectionViewCell.swift in Sources */ = {isa = PBXBuildFile; fileRef = DE81F39026BC9FE9001C1E94 /* FollowedShopCollectionViewCell.swift */; };
		DE8358C12636518F00E3F1A7 /* AppDelegate.swift in Sources */ = {isa = PBXBuildFile; fileRef = DE8358C02636518F00E3F1A7 /* AppDelegate.swift */; };
		DE8358C32636518F00E3F1A7 /* SceneDelegate.swift in Sources */ = {isa = PBXBuildFile; fileRef = DE8358C22636518F00E3F1A7 /* SceneDelegate.swift */; };
		DE8358C52636518F00E3F1A7 /* AccountViewController.swift in Sources */ = {isa = PBXBuildFile; fileRef = DE8358C42636518F00E3F1A7 /* AccountViewController.swift */; };
		DE8358C82636518F00E3F1A7 /* Main.storyboard in Resources */ = {isa = PBXBuildFile; fileRef = DE8358C62636518F00E3F1A7 /* Main.storyboard */; };
		DE8358CA2636518F00E3F1A7 /* Assets.xcassets in Resources */ = {isa = PBXBuildFile; fileRef = DE8358C92636518F00E3F1A7 /* Assets.xcassets */; };
		DE8358CD2636518F00E3F1A7 /* LaunchScreen.storyboard in Resources */ = {isa = PBXBuildFile; fileRef = DE8358CB2636518F00E3F1A7 /* LaunchScreen.storyboard */; };
		DE84039C26C4F2B500910F17 /* ImageCollectionViewCell.swift in Sources */ = {isa = PBXBuildFile; fileRef = DE84039B26C4F2B500910F17 /* ImageCollectionViewCell.swift */; };
		DE85144F26CE12D9009C60C3 /* MessagesViewController.swift in Sources */ = {isa = PBXBuildFile; fileRef = DE85144E26CE12D9009C60C3 /* MessagesViewController.swift */; };
		DE87FE4426AD040B00F996C7 /* CartModel.swift in Sources */ = {isa = PBXBuildFile; fileRef = DE87FE4326AD040B00F996C7 /* CartModel.swift */; };
		DE87FE4626AD05D500F996C7 /* CartItemModel.swift in Sources */ = {isa = PBXBuildFile; fileRef = DE87FE4526AD05D500F996C7 /* CartItemModel.swift */; };
		DE87FE4A26AD0D4A00F996C7 /* OrderModel.swift in Sources */ = {isa = PBXBuildFile; fileRef = DE87FE4926AD0D4A00F996C7 /* OrderModel.swift */; };
		DE87FE4C26AD0D5600F996C7 /* OrderItemModel.swift in Sources */ = {isa = PBXBuildFile; fileRef = DE87FE4B26AD0D5600F996C7 /* OrderItemModel.swift */; };
		DE916453263CFAA200312D35 /* MyShopViewController.swift in Sources */ = {isa = PBXBuildFile; fileRef = DE916452263CFAA200312D35 /* MyShopViewController.swift */; };
		DE9978F526BD02DA0043AD8C /* UpdateProduct.storyboard in Resources */ = {isa = PBXBuildFile; fileRef = DE9978F426BD02DA0043AD8C /* UpdateProduct.storyboard */; };
		DE9978F726BD057A0043AD8C /* UpdateProductCollectionViewCell.swift in Sources */ = {isa = PBXBuildFile; fileRef = DE9978F626BD057A0043AD8C /* UpdateProductCollectionViewCell.swift */; };
		DE9978F926BD070A0043AD8C /* UpdateProductCollectionViewController.swift in Sources */ = {isa = PBXBuildFile; fileRef = DE9978F826BD070A0043AD8C /* UpdateProductCollectionViewController.swift */; };
		DEAA14F126CB874D00ED2D33 /* Messages.swift in Sources */ = {isa = PBXBuildFile; fileRef = DEAA14F026CB874D00ED2D33 /* Messages.swift */; };
		DEB57D5626CF963300514C4C /* ChatViewController.swift in Sources */ = {isa = PBXBuildFile; fileRef = DEB57D5526CF963300514C4C /* ChatViewController.swift */; };
		DEB57D5826CF99EA00514C4C /* ChatRoomModel.swift in Sources */ = {isa = PBXBuildFile; fileRef = DEB57D5726CF99EA00514C4C /* ChatRoomModel.swift */; };
		DEBB8A0A26A2A08700DED17C /* AddProductViewController.swift in Sources */ = {isa = PBXBuildFile; fileRef = DEBB8A0926A2A08700DED17C /* AddProductViewController.swift */; };
		DEBBA83A26AE92F00073D33E /* Cart.storyboard in Resources */ = {isa = PBXBuildFile; fileRef = DEBBA83926AE92F00073D33E /* Cart.storyboard */; };
		DEBBA83C26AE93380073D33E /* Account.storyboard in Resources */ = {isa = PBXBuildFile; fileRef = DEBBA83B26AE93380073D33E /* Account.storyboard */; };
		DEBBA83E26AE94200073D33E /* MyShop.storyboard in Resources */ = {isa = PBXBuildFile; fileRef = DEBBA83D26AE94200073D33E /* MyShop.storyboard */; };
		DEBBA84426AE99130073D33E /* SignIn.storyboard in Resources */ = {isa = PBXBuildFile; fileRef = DEBBA84326AE99130073D33E /* SignIn.storyboard */; };
		DEBBA84626AE99410073D33E /* SignUp.storyboard in Resources */ = {isa = PBXBuildFile; fileRef = DEBBA84526AE99410073D33E /* SignUp.storyboard */; };
		DEBBA84826AE995B0073D33E /* Address.storyboard in Resources */ = {isa = PBXBuildFile; fileRef = DEBBA84726AE995B0073D33E /* Address.storyboard */; };
		DEBBA84C26AE99F50073D33E /* ManageShop.storyboard in Resources */ = {isa = PBXBuildFile; fileRef = DEBBA84B26AE99F50073D33E /* ManageShop.storyboard */; };
		DEBBA85026AE9A880073D33E /* AddProduct.storyboard in Resources */ = {isa = PBXBuildFile; fileRef = DEBBA84F26AE9A880073D33E /* AddProduct.storyboard */; };
		DEBBA85226AE9AD10073D33E /* MyStore.storyboard in Resources */ = {isa = PBXBuildFile; fileRef = DEBBA85126AE9AD10073D33E /* MyStore.storyboard */; };
		DEBBA85426AE9B020073D33E /* AddShop.storyboard in Resources */ = {isa = PBXBuildFile; fileRef = DEBBA85326AE9B020073D33E /* AddShop.storyboard */; };
		DEC59D5426BF58FB005EE1C5 /* Requests.storyboard in Resources */ = {isa = PBXBuildFile; fileRef = DEC59D5326BF58FB005EE1C5 /* Requests.storyboard */; };
		DEC59D5626BF6AF9005EE1C5 /* RequestsViewController.swift in Sources */ = {isa = PBXBuildFile; fileRef = DEC59D5526BF6AF9005EE1C5 /* RequestsViewController.swift */; };
		DEC59D5926BF6BA2005EE1C5 /* RequestsTableViewCell.swift in Sources */ = {isa = PBXBuildFile; fileRef = DEC59D5826BF6BA2005EE1C5 /* RequestsTableViewCell.swift */; };
		DEC9E4F126B4AE5A002891A9 /* ShopManager.swift in Sources */ = {isa = PBXBuildFile; fileRef = DEC9E4F026B4AE5A002891A9 /* ShopManager.swift */; };
		DEC9E4F526B4BF18002891A9 /* EnumFiles.swift in Sources */ = {isa = PBXBuildFile; fileRef = DEC9E4F426B4BF18002891A9 /* EnumFiles.swift */; };
		DECA3D7826CF12ED0081C5EF /* ChatRoom.swift in Sources */ = {isa = PBXBuildFile; fileRef = DECA3D7726CF12ED0081C5EF /* ChatRoom.swift */; };
		DECB6F3126A8BC8600460EFE /* ProductsCollectionViewCell.swift in Sources */ = {isa = PBXBuildFile; fileRef = DECB6F3026A8BC8600460EFE /* ProductsCollectionViewCell.swift */; };
		DECE377426ABDBD800EB2406 /* DiscoverViewController.swift in Sources */ = {isa = PBXBuildFile; fileRef = DECE377326ABDBD800EB2406 /* DiscoverViewController.swift */; };
		DECE377626ABDC0000EB2406 /* ShopsCollectionViewCell.swift in Sources */ = {isa = PBXBuildFile; fileRef = DECE377526ABDC0000EB2406 /* ShopsCollectionViewCell.swift */; };
		DED520B526ABCAB000B77652 /* MyInventoryViewController.swift in Sources */ = {isa = PBXBuildFile; fileRef = DED520B426ABCAB000B77652 /* MyInventoryViewController.swift */; };
		DEE2C3B326BF87D000CEDE15 /* Request.swift in Sources */ = {isa = PBXBuildFile; fileRef = DEE2C3B226BF87D000CEDE15 /* Request.swift */; };
		DEE7E12526B8F343008E429C /* MyAddresses.storyboard in Resources */ = {isa = PBXBuildFile; fileRef = DEE7E12426B8F343008E429C /* MyAddresses.storyboard */; };
		DEE7E12726B8F552008E429C /* AddressCollectionViewCell.swift in Sources */ = {isa = PBXBuildFile; fileRef = DEE7E12626B8F552008E429C /* AddressCollectionViewCell.swift */; };
		DEE7E12926B8F5DD008E429C /* MyAddressViewController.swift in Sources */ = {isa = PBXBuildFile; fileRef = DEE7E12826B8F5DD008E429C /* MyAddressViewController.swift */; };
		DEF4895326C794B7002AABDC /* ProductImage.swift in Sources */ = {isa = PBXBuildFile; fileRef = DEF4895226C794B7002AABDC /* ProductImage.swift */; };
		DEF6CC3F268C013600DD6887 /* AddShopViewController.swift in Sources */ = {isa = PBXBuildFile; fileRef = DEF6CC3E268C013600DD6887 /* AddShopViewController.swift */; };
/* End PBXBuildFile section */

/* Begin PBXFileReference section */
		14FBC875224EB524A94A8ADC /* Pods-App.debug.xcconfig */ = {isa = PBXFileReference; includeInIndex = 1; lastKnownFileType = text.xcconfig; name = "Pods-App.debug.xcconfig"; path = "Target Support Files/Pods-App/Pods-App.debug.xcconfig"; sourceTree = "<group>"; };
		5C630384B2A734E972FA5C16 /* Pods_App.framework */ = {isa = PBXFileReference; explicitFileType = wrapper.framework; includeInIndex = 0; path = Pods_App.framework; sourceTree = BUILT_PRODUCTS_DIR; };
		D1EC63427575DA26D5E1497D /* Pods-App.release.xcconfig */ = {isa = PBXFileReference; includeInIndex = 1; lastKnownFileType = text.xcconfig; name = "Pods-App.release.xcconfig"; path = "Target Support Files/Pods-App/Pods-App.release.xcconfig"; sourceTree = "<group>"; };
		DE1048F026CB9E47003F5D11 /* MessageModel.swift */ = {isa = PBXFileReference; lastKnownFileType = sourcecode.swift; path = MessageModel.swift; sourceTree = "<group>"; };
		DE1F3595268682F3005195CA /* AddressViewController.swift */ = {isa = PBXFileReference; lastKnownFileType = sourcecode.swift; path = AddressViewController.swift; sourceTree = "<group>"; };
		DE1F35972686891B005195CA /* StateModel.swift */ = {isa = PBXFileReference; lastKnownFileType = sourcecode.swift; path = StateModel.swift; sourceTree = "<group>"; };
		DE1F359926869F89005195CA /* Alerts.swift */ = {isa = PBXFileReference; lastKnownFileType = sourcecode.swift; path = Alerts.swift; sourceTree = "<group>"; };
		DE21B56A26CCC15300B2FB42 /* Messages.storyboard */ = {isa = PBXFileReference; lastKnownFileType = file.storyboard; path = Messages.storyboard; sourceTree = "<group>"; };
		DE21B56C26CCC96200B2FB42 /* MessageTableViewCell.swift */ = {isa = PBXFileReference; lastKnownFileType = sourcecode.swift; path = MessageTableViewCell.swift; sourceTree = "<group>"; };
		DE278924268D8D57009CD37C /* MyStoreViewController.swift */ = {isa = PBXFileReference; lastKnownFileType = sourcecode.swift; path = MyStoreViewController.swift; sourceTree = "<group>"; };
		DE278926268D8DF4009CD37C /* Shop.swift */ = {isa = PBXFileReference; lastKnownFileType = sourcecode.swift; path = Shop.swift; sourceTree = "<group>"; };
		DE3718BD2636A051001CF554 /* SignInViewController.swift */ = {isa = PBXFileReference; lastKnownFileType = sourcecode.swift; path = SignInViewController.swift; sourceTree = "<group>"; };
		DE3718C02636A063001CF554 /* SignUpViewController.swift */ = {isa = PBXFileReference; lastKnownFileType = sourcecode.swift; path = SignUpViewController.swift; sourceTree = "<group>"; };
		DE3B528A26D0853F007DF799 /* MyChatRoom.swift */ = {isa = PBXFileReference; lastKnownFileType = sourcecode.swift; path = MyChatRoom.swift; sourceTree = "<group>"; };
		DE3E66752637A4E900128755 /* AccountTableOptions.swift */ = {isa = PBXFileReference; lastKnownFileType = sourcecode.swift; path = AccountTableOptions.swift; sourceTree = "<group>"; };
		DE4FEFAA26C6154500BAD3E6 /* ProductImageViewController.swift */ = {isa = PBXFileReference; lastKnownFileType = sourcecode.swift; path = ProductImageViewController.swift; sourceTree = "<group>"; };
		DE4FEFAC26C6195800BAD3E6 /* ImagePageViewController.swift */ = {isa = PBXFileReference; lastKnownFileType = sourcecode.swift; path = ImagePageViewController.swift; sourceTree = "<group>"; };
		DE56B5BC269FF84B005E68E2 /* Product.swift */ = {isa = PBXFileReference; lastKnownFileType = sourcecode.swift; path = Product.swift; sourceTree = "<group>"; };
		DE6717E226A90EA700FE60DA /* MyProductViewController.swift */ = {isa = PBXFileReference; lastKnownFileType = sourcecode.swift; path = MyProductViewController.swift; sourceTree = "<group>"; };
		DE6A506F26A3B63C008B9427 /* AddProductExtraViewController.swift */ = {isa = PBXFileReference; lastKnownFileType = sourcecode.swift; path = AddProductExtraViewController.swift; sourceTree = "<group>"; };
		DE6A6A3B26AFDBC2006B4D04 /* CartViewController.swift */ = {isa = PBXFileReference; lastKnownFileType = sourcecode.swift; path = CartViewController.swift; sourceTree = "<group>"; };
		DE6A6A3D26AFDC9A006B4D04 /* CartItemCollectionViewCell.swift */ = {isa = PBXFileReference; lastKnownFileType = sourcecode.swift; path = CartItemCollectionViewCell.swift; sourceTree = "<group>"; };
		DE6B714E26B7AB0E000EF674 /* EditProfile.storyboard */ = {isa = PBXFileReference; lastKnownFileType = file.storyboard; path = EditProfile.storyboard; sourceTree = "<group>"; };
		DE6B715126B7AB2E000EF674 /* EditProfileViewController.swift */ = {isa = PBXFileReference; lastKnownFileType = sourcecode.swift; path = EditProfileViewController.swift; sourceTree = "<group>"; };
		DE768902269FFF3400F0C888 /* ManageShopViewController.swift */ = {isa = PBXFileReference; lastKnownFileType = sourcecode.swift; path = ManageShopViewController.swift; sourceTree = "<group>"; };
		DE76890426A004E200F0C888 /* General.swift */ = {isa = PBXFileReference; lastKnownFileType = sourcecode.swift; path = General.swift; sourceTree = "<group>"; };
		DE76890626A007F300F0C888 /* Address.swift */ = {isa = PBXFileReference; lastKnownFileType = sourcecode.swift; path = Address.swift; sourceTree = "<group>"; };
		DE76890826A016F400F0C888 /* User.swift */ = {isa = PBXFileReference; lastKnownFileType = sourcecode.swift; path = User.swift; sourceTree = "<group>"; };
		DE7FA7E626CB34290079D278 /* Inbox.storyboard */ = {isa = PBXFileReference; lastKnownFileType = file.storyboard; path = Inbox.storyboard; sourceTree = "<group>"; };
		DE7FA7E826CB34CC0079D278 /* InboxViewController.swift */ = {isa = PBXFileReference; lastKnownFileType = sourcecode.swift; path = InboxViewController.swift; sourceTree = "<group>"; };
		DE81F39026BC9FE9001C1E94 /* FollowedShopCollectionViewCell.swift */ = {isa = PBXFileReference; lastKnownFileType = sourcecode.swift; path = FollowedShopCollectionViewCell.swift; sourceTree = "<group>"; };
		DE8358BD2636518F00E3F1A7 /* App.app */ = {isa = PBXFileReference; explicitFileType = wrapper.application; includeInIndex = 0; path = App.app; sourceTree = BUILT_PRODUCTS_DIR; };
		DE8358C02636518F00E3F1A7 /* AppDelegate.swift */ = {isa = PBXFileReference; lastKnownFileType = sourcecode.swift; path = AppDelegate.swift; sourceTree = "<group>"; };
		DE8358C22636518F00E3F1A7 /* SceneDelegate.swift */ = {isa = PBXFileReference; lastKnownFileType = sourcecode.swift; path = SceneDelegate.swift; sourceTree = "<group>"; };
		DE8358C42636518F00E3F1A7 /* AccountViewController.swift */ = {isa = PBXFileReference; lastKnownFileType = sourcecode.swift; path = AccountViewController.swift; sourceTree = "<group>"; };
		DE8358C72636518F00E3F1A7 /* Base */ = {isa = PBXFileReference; lastKnownFileType = file.storyboard; name = Base; path = Base.lproj/Main.storyboard; sourceTree = "<group>"; };
		DE8358C92636518F00E3F1A7 /* Assets.xcassets */ = {isa = PBXFileReference; lastKnownFileType = folder.assetcatalog; path = Assets.xcassets; sourceTree = "<group>"; };
		DE8358CC2636518F00E3F1A7 /* Base */ = {isa = PBXFileReference; lastKnownFileType = file.storyboard; name = Base; path = Base.lproj/LaunchScreen.storyboard; sourceTree = "<group>"; };
		DE8358CE2636518F00E3F1A7 /* Info.plist */ = {isa = PBXFileReference; lastKnownFileType = text.plist.xml; path = Info.plist; sourceTree = "<group>"; };
		DE84039B26C4F2B500910F17 /* ImageCollectionViewCell.swift */ = {isa = PBXFileReference; lastKnownFileType = sourcecode.swift; path = ImageCollectionViewCell.swift; sourceTree = "<group>"; };
		DE85144E26CE12D9009C60C3 /* MessagesViewController.swift */ = {isa = PBXFileReference; lastKnownFileType = sourcecode.swift; path = MessagesViewController.swift; sourceTree = "<group>"; };
		DE87FE4326AD040B00F996C7 /* CartModel.swift */ = {isa = PBXFileReference; lastKnownFileType = sourcecode.swift; path = CartModel.swift; sourceTree = "<group>"; };
		DE87FE4526AD05D500F996C7 /* CartItemModel.swift */ = {isa = PBXFileReference; lastKnownFileType = sourcecode.swift; path = CartItemModel.swift; sourceTree = "<group>"; };
		DE87FE4926AD0D4A00F996C7 /* OrderModel.swift */ = {isa = PBXFileReference; lastKnownFileType = sourcecode.swift; path = OrderModel.swift; sourceTree = "<group>"; };
		DE87FE4B26AD0D5600F996C7 /* OrderItemModel.swift */ = {isa = PBXFileReference; lastKnownFileType = sourcecode.swift; path = OrderItemModel.swift; sourceTree = "<group>"; };
		DE916452263CFAA200312D35 /* MyShopViewController.swift */ = {isa = PBXFileReference; lastKnownFileType = sourcecode.swift; path = MyShopViewController.swift; sourceTree = "<group>"; };
		DE9978F426BD02DA0043AD8C /* UpdateProduct.storyboard */ = {isa = PBXFileReference; lastKnownFileType = file.storyboard; path = UpdateProduct.storyboard; sourceTree = "<group>"; };
		DE9978F626BD057A0043AD8C /* UpdateProductCollectionViewCell.swift */ = {isa = PBXFileReference; lastKnownFileType = sourcecode.swift; path = UpdateProductCollectionViewCell.swift; sourceTree = "<group>"; };
		DE9978F826BD070A0043AD8C /* UpdateProductCollectionViewController.swift */ = {isa = PBXFileReference; lastKnownFileType = sourcecode.swift; path = UpdateProductCollectionViewController.swift; sourceTree = "<group>"; };
		DEAA14F026CB874D00ED2D33 /* Messages.swift */ = {isa = PBXFileReference; lastKnownFileType = sourcecode.swift; path = Messages.swift; sourceTree = "<group>"; };
		DEB57D5526CF963300514C4C /* ChatViewController.swift */ = {isa = PBXFileReference; lastKnownFileType = sourcecode.swift; path = ChatViewController.swift; sourceTree = "<group>"; };
		DEB57D5726CF99EA00514C4C /* ChatRoomModel.swift */ = {isa = PBXFileReference; lastKnownFileType = sourcecode.swift; path = ChatRoomModel.swift; sourceTree = "<group>"; };
		DEBB8A0926A2A08700DED17C /* AddProductViewController.swift */ = {isa = PBXFileReference; lastKnownFileType = sourcecode.swift; path = AddProductViewController.swift; sourceTree = "<group>"; };
		DEBBA83926AE92F00073D33E /* Cart.storyboard */ = {isa = PBXFileReference; lastKnownFileType = file.storyboard; path = Cart.storyboard; sourceTree = "<group>"; };
		DEBBA83B26AE93380073D33E /* Account.storyboard */ = {isa = PBXFileReference; lastKnownFileType = file.storyboard; path = Account.storyboard; sourceTree = "<group>"; };
		DEBBA83D26AE94200073D33E /* MyShop.storyboard */ = {isa = PBXFileReference; lastKnownFileType = file.storyboard; path = MyShop.storyboard; sourceTree = "<group>"; };
		DEBBA84326AE99130073D33E /* SignIn.storyboard */ = {isa = PBXFileReference; lastKnownFileType = file.storyboard; path = SignIn.storyboard; sourceTree = "<group>"; };
		DEBBA84526AE99410073D33E /* SignUp.storyboard */ = {isa = PBXFileReference; lastKnownFileType = file.storyboard; path = SignUp.storyboard; sourceTree = "<group>"; };
		DEBBA84726AE995B0073D33E /* Address.storyboard */ = {isa = PBXFileReference; lastKnownFileType = file.storyboard; path = Address.storyboard; sourceTree = "<group>"; };
		DEBBA84B26AE99F50073D33E /* ManageShop.storyboard */ = {isa = PBXFileReference; lastKnownFileType = file.storyboard; path = ManageShop.storyboard; sourceTree = "<group>"; };
		DEBBA84F26AE9A880073D33E /* AddProduct.storyboard */ = {isa = PBXFileReference; lastKnownFileType = file.storyboard; path = AddProduct.storyboard; sourceTree = "<group>"; };
		DEBBA85126AE9AD10073D33E /* MyStore.storyboard */ = {isa = PBXFileReference; lastKnownFileType = file.storyboard; path = MyStore.storyboard; sourceTree = "<group>"; };
		DEBBA85326AE9B020073D33E /* AddShop.storyboard */ = {isa = PBXFileReference; lastKnownFileType = file.storyboard; path = AddShop.storyboard; sourceTree = "<group>"; };
		DEC59D5326BF58FB005EE1C5 /* Requests.storyboard */ = {isa = PBXFileReference; lastKnownFileType = file.storyboard; path = Requests.storyboard; sourceTree = "<group>"; };
		DEC59D5526BF6AF9005EE1C5 /* RequestsViewController.swift */ = {isa = PBXFileReference; lastKnownFileType = sourcecode.swift; path = RequestsViewController.swift; sourceTree = "<group>"; };
		DEC59D5826BF6BA2005EE1C5 /* RequestsTableViewCell.swift */ = {isa = PBXFileReference; lastKnownFileType = sourcecode.swift; path = RequestsTableViewCell.swift; sourceTree = "<group>"; };
		DEC9E4F026B4AE5A002891A9 /* ShopManager.swift */ = {isa = PBXFileReference; lastKnownFileType = sourcecode.swift; path = ShopManager.swift; sourceTree = "<group>"; };
		DEC9E4F426B4BF18002891A9 /* EnumFiles.swift */ = {isa = PBXFileReference; lastKnownFileType = sourcecode.swift; path = EnumFiles.swift; sourceTree = "<group>"; };
		DECA3D7726CF12ED0081C5EF /* ChatRoom.swift */ = {isa = PBXFileReference; lastKnownFileType = sourcecode.swift; path = ChatRoom.swift; sourceTree = "<group>"; };
		DECB6F3026A8BC8600460EFE /* ProductsCollectionViewCell.swift */ = {isa = PBXFileReference; lastKnownFileType = sourcecode.swift; path = ProductsCollectionViewCell.swift; sourceTree = "<group>"; };
		DECE377326ABDBD800EB2406 /* DiscoverViewController.swift */ = {isa = PBXFileReference; lastKnownFileType = sourcecode.swift; path = DiscoverViewController.swift; sourceTree = "<group>"; };
		DECE377526ABDC0000EB2406 /* ShopsCollectionViewCell.swift */ = {isa = PBXFileReference; lastKnownFileType = sourcecode.swift; path = ShopsCollectionViewCell.swift; sourceTree = "<group>"; };
		DED520B426ABCAB000B77652 /* MyInventoryViewController.swift */ = {isa = PBXFileReference; lastKnownFileType = sourcecode.swift; path = MyInventoryViewController.swift; sourceTree = "<group>"; };
		DEE2C3B226BF87D000CEDE15 /* Request.swift */ = {isa = PBXFileReference; lastKnownFileType = sourcecode.swift; path = Request.swift; sourceTree = "<group>"; };
		DEE7E12426B8F343008E429C /* MyAddresses.storyboard */ = {isa = PBXFileReference; lastKnownFileType = file.storyboard; path = MyAddresses.storyboard; sourceTree = "<group>"; };
		DEE7E12626B8F552008E429C /* AddressCollectionViewCell.swift */ = {isa = PBXFileReference; lastKnownFileType = sourcecode.swift; path = AddressCollectionViewCell.swift; sourceTree = "<group>"; };
		DEE7E12826B8F5DD008E429C /* MyAddressViewController.swift */ = {isa = PBXFileReference; lastKnownFileType = sourcecode.swift; path = MyAddressViewController.swift; sourceTree = "<group>"; };
		DEF4895226C794B7002AABDC /* ProductImage.swift */ = {isa = PBXFileReference; lastKnownFileType = sourcecode.swift; path = ProductImage.swift; sourceTree = "<group>"; };
		DEF6CC3E268C013600DD6887 /* AddShopViewController.swift */ = {isa = PBXFileReference; lastKnownFileType = sourcecode.swift; path = AddShopViewController.swift; sourceTree = "<group>"; };
/* End PBXFileReference section */

/* Begin PBXFrameworksBuildPhase section */
		DE8358BA2636518E00E3F1A7 /* Frameworks */ = {
			isa = PBXFrameworksBuildPhase;
			buildActionMask = 2147483647;
			files = (
				6A5B9145287AFE088DD0AB2C /* Pods_App.framework in Frameworks */,
			);
			runOnlyForDeploymentPostprocessing = 0;
		};
/* End PBXFrameworksBuildPhase section */

/* Begin PBXGroup section */
		94B1A93CCB97AA981627F57E /* Pods */ = {
			isa = PBXGroup;
			children = (
				14FBC875224EB524A94A8ADC /* Pods-App.debug.xcconfig */,
				D1EC63427575DA26D5E1497D /* Pods-App.release.xcconfig */,
			);
			path = Pods;
			sourceTree = "<group>";
		};
		AFE4430331DFC5BE107EEBB6 /* Frameworks */ = {
			isa = PBXGroup;
			children = (
				5C630384B2A734E972FA5C16 /* Pods_App.framework */,
			);
			name = Frameworks;
			sourceTree = "<group>";
		};
		DE2477CA266B1EDC00B53151 /* Resources */ = {
			isa = PBXGroup;
			children = (
				DE8358C02636518F00E3F1A7 /* AppDelegate.swift */,
				DE8358C22636518F00E3F1A7 /* SceneDelegate.swift */,
			);
			path = Resources;
			sourceTree = "<group>";
		};
		DE3718BB26369D73001CF554 /* Accounts */ = {
			isa = PBXGroup;
			children = (
				DE6B715626B7AF62000EF674 /* Edit */,
				DE6B715526B7AF42000EF674 /* User */,
				DE6B715326B7AF26000EF674 /* Main */,
			);
			path = Accounts;
			sourceTree = "<group>";
		};
		DE3E66742637A4B600128755 /* Model */ = {
			isa = PBXGroup;
			children = (
				DEAA14E926CB6F2000ED2D33 /* Inbox */,
				DEC59D5726BF6B8A005EE1C5 /* Requests */,
				DE87FE5026AD0DCC00F996C7 /* Misc */,
				DE87FE4F26AD0DBD00F996C7 /* User */,
				DE87FE4E26AD0D8D00F996C7 /* Product */,
				DE87FE4D26AD0D8700F996C7 /* Shop */,
				DE87FE4826AD0D3500F996C7 /* Order */,
				DE87FE4726AD0D0800F996C7 /* Cart */,
			);
			path = Model;
			sourceTree = "<group>";
		};
		DE4FEFA926C6151700BAD3E6 /* ProductImage */ = {
			isa = PBXGroup;
			children = (
				DE4FEFAA26C6154500BAD3E6 /* ProductImageViewController.swift */,
				DE4FEFAC26C6195800BAD3E6 /* ImagePageViewController.swift */,
			);
			path = ProductImage;
			sourceTree = "<group>";
		};
		DE6B715326B7AF26000EF674 /* Main */ = {
			isa = PBXGroup;
			children = (
				DE8358C42636518F00E3F1A7 /* AccountViewController.swift */,
			);
			path = Main;
			sourceTree = "<group>";
		};
		DE6B715526B7AF42000EF674 /* User */ = {
			isa = PBXGroup;
			children = (
				DEE7E12226B8F309008E429C /* Addresses */,
				DE3718BD2636A051001CF554 /* SignInViewController.swift */,
				DE3718C02636A063001CF554 /* SignUpViewController.swift */,
			);
			path = User;
			sourceTree = "<group>";
		};
		DE6B715626B7AF62000EF674 /* Edit */ = {
			isa = PBXGroup;
			children = (
				DE6B715126B7AB2E000EF674 /* EditProfileViewController.swift */,
			);
			path = Edit;
			sourceTree = "<group>";
		};
		DE6B715926B7B02D000EF674 /* Main */ = {
			isa = PBXGroup;
			children = (
				DEBBA83B26AE93380073D33E /* Account.storyboard */,
			);
			path = Main;
			sourceTree = "<group>";
		};
		DE6B715A26B7B034000EF674 /* User */ = {
			isa = PBXGroup;
			children = (
				DEE7E12326B8F31A008E429C /* Addresses */,
				DEBBA84526AE99410073D33E /* SignUp.storyboard */,
				DEBBA84326AE99130073D33E /* SignIn.storyboard */,
			);
			path = User;
			sourceTree = "<group>";
		};
		DE6B715B26B7B049000EF674 /* Edit */ = {
			isa = PBXGroup;
			children = (
				DE6B714E26B7AB0E000EF674 /* EditProfile.storyboard */,
			);
			path = Edit;
			sourceTree = "<group>";
		};
		DE7FA7E326CB33E70079D278 /* Inbox */ = {
			isa = PBXGroup;
			children = (
				DE7FA7E626CB34290079D278 /* Inbox.storyboard */,
				DE21B56A26CCC15300B2FB42 /* Messages.storyboard */,
			);
			path = Inbox;
			sourceTree = "<group>";
		};
		DE7FA7E426CB33F50079D278 /* Inbox */ = {
			isa = PBXGroup;
			children = (
				DE7FA7E826CB34CC0079D278 /* InboxViewController.swift */,
				DE85144E26CE12D9009C60C3 /* MessagesViewController.swift */,
				DEB57D5526CF963300514C4C /* ChatViewController.swift */,
			);
			path = Inbox;
			sourceTree = "<group>";
		};
		DE8358B42636518E00E3F1A7 = {
			isa = PBXGroup;
			children = (
				DE8358BF2636518F00E3F1A7 /* App */,
				DE8358BE2636518F00E3F1A7 /* Products */,
				94B1A93CCB97AA981627F57E /* Pods */,
				AFE4430331DFC5BE107EEBB6 /* Frameworks */,
			);
			sourceTree = "<group>";
		};
		DE8358BE2636518F00E3F1A7 /* Products */ = {
			isa = PBXGroup;
			children = (
				DE8358BD2636518F00E3F1A7 /* App.app */,
			);
			name = Products;
			sourceTree = "<group>";
		};
		DE8358BF2636518F00E3F1A7 /* App */ = {
			isa = PBXGroup;
			children = (
				DE8358CE2636518F00E3F1A7 /* Info.plist */,
				DE2477CA266B1EDC00B53151 /* Resources */,
				DE3E66742637A4B600128755 /* Model */,
				DE8358D6263655B400E3F1A7 /* Controller */,
				DE8358D5263655AE00E3F1A7 /* Views */,
			);
			path = App;
			sourceTree = "<group>";
		};
		DE8358D5263655AE00E3F1A7 /* Views */ = {
			isa = PBXGroup;
			children = (
				DE7FA7E326CB33E70079D278 /* Inbox */,
				DE8358CB2636518F00E3F1A7 /* LaunchScreen.storyboard */,
				DE8358C92636518F00E3F1A7 /* Assets.xcassets */,
				DEBBA83426AE90750073D33E /* Discover */,
				DEBBA83626AE90950073D33E /* MyShop */,
				DEBBA83526AE90830073D33E /* Cart */,
				DEBBA83326AE905E0073D33E /* Account */,
			);
			path = Views;
			sourceTree = "<group>";
		};
		DE8358D6263655B400E3F1A7 /* Controller */ = {
			isa = PBXGroup;
			children = (
				DE7FA7E426CB33F50079D278 /* Inbox */,
				DE916451263CFA8400312D35 /* MyShop */,
				DE87FE5126AD0DEE00F996C7 /* Discover */,
				DE87FE5226AD0DFA00F996C7 /* Cart */,
				DE3718BB26369D73001CF554 /* Accounts */,
			);
			path = Controller;
			sourceTree = "<group>";
		};
		DE87FE4726AD0D0800F996C7 /* Cart */ = {
			isa = PBXGroup;
			children = (
				DE87FE4526AD05D500F996C7 /* CartItemModel.swift */,
				DE87FE4326AD040B00F996C7 /* CartModel.swift */,
				DE6A6A3D26AFDC9A006B4D04 /* CartItemCollectionViewCell.swift */,
			);
			path = Cart;
			sourceTree = "<group>";
		};
		DE87FE4826AD0D3500F996C7 /* Order */ = {
			isa = PBXGroup;
			children = (
				DE87FE4926AD0D4A00F996C7 /* OrderModel.swift */,
				DE87FE4B26AD0D5600F996C7 /* OrderItemModel.swift */,
			);
			path = Order;
			sourceTree = "<group>";
		};
		DE87FE4D26AD0D8700F996C7 /* Shop */ = {
			isa = PBXGroup;
			children = (
				DECE377526ABDC0000EB2406 /* ShopsCollectionViewCell.swift */,
				DE278926268D8DF4009CD37C /* Shop.swift */,
				DEC9E4F026B4AE5A002891A9 /* ShopManager.swift */,
				DE81F39026BC9FE9001C1E94 /* FollowedShopCollectionViewCell.swift */,
			);
			path = Shop;
			sourceTree = "<group>";
		};
		DE87FE4E26AD0D8D00F996C7 /* Product */ = {
			isa = PBXGroup;
			children = (
				DEF4895126C7948D002AABDC /* ProductImage */,
				DECB6F3026A8BC8600460EFE /* ProductsCollectionViewCell.swift */,
				DE56B5BC269FF84B005E68E2 /* Product.swift */,
				DE9978F626BD057A0043AD8C /* UpdateProductCollectionViewCell.swift */,
				DE84039B26C4F2B500910F17 /* ImageCollectionViewCell.swift */,
			);
			path = Product;
			sourceTree = "<group>";
		};
		DE87FE4F26AD0DBD00F996C7 /* User */ = {
			isa = PBXGroup;
			children = (
				DE76890626A007F300F0C888 /* Address.swift */,
				DE76890826A016F400F0C888 /* User.swift */,
				DEE7E12626B8F552008E429C /* AddressCollectionViewCell.swift */,
			);
			path = User;
			sourceTree = "<group>";
		};
		DE87FE5026AD0DCC00F996C7 /* Misc */ = {
			isa = PBXGroup;
			children = (
				DE76890426A004E200F0C888 /* General.swift */,
				DE1F359926869F89005195CA /* Alerts.swift */,
				DE1F35972686891B005195CA /* StateModel.swift */,
				DE3E66752637A4E900128755 /* AccountTableOptions.swift */,
				DEC9E4F426B4BF18002891A9 /* EnumFiles.swift */,
			);
			path = Misc;
			sourceTree = "<group>";
		};
		DE87FE5126AD0DEE00F996C7 /* Discover */ = {
			isa = PBXGroup;
			children = (
				DECE377326ABDBD800EB2406 /* DiscoverViewController.swift */,
			);
			path = Discover;
			sourceTree = "<group>";
		};
		DE87FE5226AD0DFA00F996C7 /* Cart */ = {
			isa = PBXGroup;
			children = (
				DE6A6A3B26AFDBC2006B4D04 /* CartViewController.swift */,
			);
			path = Cart;
			sourceTree = "<group>";
		};
		DE87FE5326AD0E0700F996C7 /* Shop */ = {
			isa = PBXGroup;
			children = (
				DEF6CC3E268C013600DD6887 /* AddShopViewController.swift */,
				DE278924268D8D57009CD37C /* MyStoreViewController.swift */,
			);
			path = Shop;
			sourceTree = "<group>";
		};
		DE87FE5426AD0E0D00F996C7 /* Product */ = {
			isa = PBXGroup;
			children = (
				DE4FEFA926C6151700BAD3E6 /* ProductImage */,
				DE6717E226A90EA700FE60DA /* MyProductViewController.swift */,
				DE6A506F26A3B63C008B9427 /* AddProductExtraViewController.swift */,
				DEBB8A0926A2A08700DED17C /* AddProductViewController.swift */,
			);
			path = Product;
			sourceTree = "<group>";
		};
		DE916451263CFA8400312D35 /* MyShop */ = {
			isa = PBXGroup;
			children = (
				DE9978F026BD020B0043AD8C /* ManageShop */,
				DE87FE5426AD0E0D00F996C7 /* Product */,
				DE87FE5326AD0E0700F996C7 /* Shop */,
				DE916452263CFAA200312D35 /* MyShopViewController.swift */,
			);
			path = MyShop;
			sourceTree = "<group>";
		};
		DE9978EF26BD01950043AD8C /* ManageShop */ = {
			isa = PBXGroup;
			children = (
				DEBBA84B26AE99F50073D33E /* ManageShop.storyboard */,
				DE9978F426BD02DA0043AD8C /* UpdateProduct.storyboard */,
				DEC59D5326BF58FB005EE1C5 /* Requests.storyboard */,
			);
			path = ManageShop;
			sourceTree = "<group>";
		};
		DE9978F026BD020B0043AD8C /* ManageShop */ = {
			isa = PBXGroup;
			children = (
				DED520B426ABCAB000B77652 /* MyInventoryViewController.swift */,
				DE768902269FFF3400F0C888 /* ManageShopViewController.swift */,
				DE9978F826BD070A0043AD8C /* UpdateProductCollectionViewController.swift */,
				DEC59D5526BF6AF9005EE1C5 /* RequestsViewController.swift */,
			);
			path = ManageShop;
			sourceTree = "<group>";
		};
		DEAA14E926CB6F2000ED2D33 /* Inbox */ = {
			isa = PBXGroup;
			children = (
				DEAA14F026CB874D00ED2D33 /* Messages.swift */,
				DE1048F026CB9E47003F5D11 /* MessageModel.swift */,
				DE21B56C26CCC96200B2FB42 /* MessageTableViewCell.swift */,
				DECA3D7726CF12ED0081C5EF /* ChatRoom.swift */,
				DEB57D5726CF99EA00514C4C /* ChatRoomModel.swift */,
				DE3B528A26D0853F007DF799 /* MyChatRoom.swift */,
			);
			path = Inbox;
			sourceTree = "<group>";
		};
		DEBBA83326AE905E0073D33E /* Account */ = {
			isa = PBXGroup;
			children = (
				DE6B715B26B7B049000EF674 /* Edit */,
				DE6B715A26B7B034000EF674 /* User */,
				DE6B715926B7B02D000EF674 /* Main */,
			);
			path = Account;
			sourceTree = "<group>";
		};
		DEBBA83426AE90750073D33E /* Discover */ = {
			isa = PBXGroup;
			children = (
				DE8358C62636518F00E3F1A7 /* Main.storyboard */,
			);
			path = Discover;
			sourceTree = "<group>";
		};
		DEBBA83526AE90830073D33E /* Cart */ = {
			isa = PBXGroup;
			children = (
				DEBBA83926AE92F00073D33E /* Cart.storyboard */,
			);
			path = Cart;
			sourceTree = "<group>";
		};
		DEBBA83626AE90950073D33E /* MyShop */ = {
			isa = PBXGroup;
			children = (
				DE9978EF26BD01950043AD8C /* ManageShop */,
				DEBBA84926AE99AF0073D33E /* Shop */,
				DEBBA84A26AE99E10073D33E /* Product */,
				DEBBA83D26AE94200073D33E /* MyShop.storyboard */,
			);
			path = MyShop;
			sourceTree = "<group>";
		};
		DEBBA84926AE99AF0073D33E /* Shop */ = {
			isa = PBXGroup;
			children = (
				DEBBA85126AE9AD10073D33E /* MyStore.storyboard */,
				DEBBA85326AE9B020073D33E /* AddShop.storyboard */,
			);
			path = Shop;
			sourceTree = "<group>";
		};
		DEBBA84A26AE99E10073D33E /* Product */ = {
			isa = PBXGroup;
			children = (
				DEBBA84F26AE9A880073D33E /* AddProduct.storyboard */,
			);
			path = Product;
			sourceTree = "<group>";
		};
		DEC59D5726BF6B8A005EE1C5 /* Requests */ = {
			isa = PBXGroup;
			children = (
				DEE2C3B226BF87D000CEDE15 /* Request.swift */,
				DEC59D5826BF6BA2005EE1C5 /* RequestsTableViewCell.swift */,
			);
			path = Requests;
			sourceTree = "<group>";
		};
		DEE7E12226B8F309008E429C /* Addresses */ = {
			isa = PBXGroup;
			children = (
				DE1F3595268682F3005195CA /* AddressViewController.swift */,
				DEE7E12826B8F5DD008E429C /* MyAddressViewController.swift */,
			);
			path = Addresses;
			sourceTree = "<group>";
		};
		DEE7E12326B8F31A008E429C /* Addresses */ = {
			isa = PBXGroup;
			children = (
				DEBBA84726AE995B0073D33E /* Address.storyboard */,
				DEE7E12426B8F343008E429C /* MyAddresses.storyboard */,
			);
			path = Addresses;
			sourceTree = "<group>";
		};
		DEF4895126C7948D002AABDC /* ProductImage */ = {
			isa = PBXGroup;
			children = (
				DEF4895226C794B7002AABDC /* ProductImage.swift */,
			);
			path = ProductImage;
			sourceTree = "<group>";
		};
/* End PBXGroup section */

/* Begin PBXNativeTarget section */
		DE8358BC2636518E00E3F1A7 /* App */ = {
			isa = PBXNativeTarget;
			buildConfigurationList = DE8358D12636518F00E3F1A7 /* Build configuration list for PBXNativeTarget "App" */;
			buildPhases = (
				3E450A2EF0DE7DB6D4A78CFB /* [CP] Check Pods Manifest.lock */,
				DE8358B92636518E00E3F1A7 /* Sources */,
				DE8358BA2636518E00E3F1A7 /* Frameworks */,
				DE8358BB2636518E00E3F1A7 /* Resources */,
				1ECB981B799DACF3D65E41EF /* [CP] Embed Pods Frameworks */,
			);
			buildRules = (
			);
			dependencies = (
			);
			name = App;
			productName = App;
			productReference = DE8358BD2636518F00E3F1A7 /* App.app */;
			productType = "com.apple.product-type.application";
		};
/* End PBXNativeTarget section */

/* Begin PBXProject section */
		DE8358B52636518E00E3F1A7 /* Project object */ = {
			isa = PBXProject;
			attributes = {
				LastSwiftUpdateCheck = 1240;
				LastUpgradeCheck = 1240;
				TargetAttributes = {
					DE8358BC2636518E00E3F1A7 = {
						CreatedOnToolsVersion = 12.4;
					};
				};
			};
			buildConfigurationList = DE8358B82636518E00E3F1A7 /* Build configuration list for PBXProject "Shopio" */;
			compatibilityVersion = "Xcode 9.3";
			developmentRegion = en;
			hasScannedForEncodings = 0;
			knownRegions = (
				en,
				Base,
			);
			mainGroup = DE8358B42636518E00E3F1A7;
			productRefGroup = DE8358BE2636518F00E3F1A7 /* Products */;
			projectDirPath = "";
			projectRoot = "";
			targets = (
				DE8358BC2636518E00E3F1A7 /* App */,
			);
		};
/* End PBXProject section */

/* Begin PBXResourcesBuildPhase section */
		DE8358BB2636518E00E3F1A7 /* Resources */ = {
			isa = PBXResourcesBuildPhase;
			buildActionMask = 2147483647;
			files = (
				DEBBA83A26AE92F00073D33E /* Cart.storyboard in Resources */,
				DE8358CD2636518F00E3F1A7 /* LaunchScreen.storyboard in Resources */,
				DEBBA83E26AE94200073D33E /* MyShop.storyboard in Resources */,
				DE21B56B26CCC15300B2FB42 /* Messages.storyboard in Resources */,
				DE9978F526BD02DA0043AD8C /* UpdateProduct.storyboard in Resources */,
				DEBBA83C26AE93380073D33E /* Account.storyboard in Resources */,
				DEBBA85426AE9B020073D33E /* AddShop.storyboard in Resources */,
				DEC59D5426BF58FB005EE1C5 /* Requests.storyboard in Resources */,
				DEBBA84826AE995B0073D33E /* Address.storyboard in Resources */,
				DE6B714F26B7AB0E000EF674 /* EditProfile.storyboard in Resources */,
				DE8358CA2636518F00E3F1A7 /* Assets.xcassets in Resources */,
				DEBBA84426AE99130073D33E /* SignIn.storyboard in Resources */,
				DE7FA7E726CB34290079D278 /* Inbox.storyboard in Resources */,
				DEE7E12526B8F343008E429C /* MyAddresses.storyboard in Resources */,
				DEBBA84626AE99410073D33E /* SignUp.storyboard in Resources */,
				DEBBA85226AE9AD10073D33E /* MyStore.storyboard in Resources */,
				DE8358C82636518F00E3F1A7 /* Main.storyboard in Resources */,
				DEBBA84C26AE99F50073D33E /* ManageShop.storyboard in Resources */,
				DEBBA85026AE9A880073D33E /* AddProduct.storyboard in Resources */,
			);
			runOnlyForDeploymentPostprocessing = 0;
		};
/* End PBXResourcesBuildPhase section */

/* Begin PBXShellScriptBuildPhase section */
		1ECB981B799DACF3D65E41EF /* [CP] Embed Pods Frameworks */ = {
			isa = PBXShellScriptBuildPhase;
			buildActionMask = 2147483647;
			files = (
			);
			inputFileListPaths = (
				"${PODS_ROOT}/Target Support Files/Pods-App/Pods-App-frameworks-${CONFIGURATION}-input-files.xcfilelist",
			);
			name = "[CP] Embed Pods Frameworks";
			outputFileListPaths = (
				"${PODS_ROOT}/Target Support Files/Pods-App/Pods-App-frameworks-${CONFIGURATION}-output-files.xcfilelist",
			);
			runOnlyForDeploymentPostprocessing = 0;
			shellPath = /bin/sh;
			shellScript = "\"${PODS_ROOT}/Target Support Files/Pods-App/Pods-App-frameworks.sh\"\n";
			showEnvVarsInLog = 0;
		};
		3E450A2EF0DE7DB6D4A78CFB /* [CP] Check Pods Manifest.lock */ = {
			isa = PBXShellScriptBuildPhase;
			buildActionMask = 2147483647;
			files = (
			);
			inputFileListPaths = (
			);
			inputPaths = (
				"${PODS_PODFILE_DIR_PATH}/Podfile.lock",
				"${PODS_ROOT}/Manifest.lock",
			);
			name = "[CP] Check Pods Manifest.lock";
			outputFileListPaths = (
			);
			outputPaths = (
				"$(DERIVED_FILE_DIR)/Pods-App-checkManifestLockResult.txt",
			);
			runOnlyForDeploymentPostprocessing = 0;
			shellPath = /bin/sh;
			shellScript = "diff \"${PODS_PODFILE_DIR_PATH}/Podfile.lock\" \"${PODS_ROOT}/Manifest.lock\" > /dev/null\nif [ $? != 0 ] ; then\n    # print error to STDERR\n    echo \"error: The sandbox is not in sync with the Podfile.lock. Run 'pod install' or update your CocoaPods installation.\" >&2\n    exit 1\nfi\n# This output is used by Xcode 'outputs' to avoid re-running this script phase.\necho \"SUCCESS\" > \"${SCRIPT_OUTPUT_FILE_0}\"\n";
			showEnvVarsInLog = 0;
		};
/* End PBXShellScriptBuildPhase section */

/* Begin PBXSourcesBuildPhase section */
		DE8358B92636518E00E3F1A7 /* Sources */ = {
			isa = PBXSourcesBuildPhase;
			buildActionMask = 2147483647;
			files = (
				DECE377626ABDC0000EB2406 /* ShopsCollectionViewCell.swift in Sources */,
				DEAA14F126CB874D00ED2D33 /* Messages.swift in Sources */,
				DEC9E4F126B4AE5A002891A9 /* ShopManager.swift in Sources */,
				DE85144F26CE12D9009C60C3 /* MessagesViewController.swift in Sources */,
				DE9978F926BD070A0043AD8C /* UpdateProductCollectionViewController.swift in Sources */,
				DECB6F3126A8BC8600460EFE /* ProductsCollectionViewCell.swift in Sources */,
				DE76890726A007F300F0C888 /* Address.swift in Sources */,
				DE916453263CFAA200312D35 /* MyShopViewController.swift in Sources */,
				DE84039C26C4F2B500910F17 /* ImageCollectionViewCell.swift in Sources */,
				DE8358C52636518F00E3F1A7 /* AccountViewController.swift in Sources */,
				DECA3D7826CF12ED0081C5EF /* ChatRoom.swift in Sources */,
				DEBB8A0A26A2A08700DED17C /* AddProductViewController.swift in Sources */,
				DE56B5BD269FF84B005E68E2 /* Product.swift in Sources */,
				DEB57D5626CF963300514C4C /* ChatViewController.swift in Sources */,
				DE3718BE2636A051001CF554 /* SignInViewController.swift in Sources */,
				DEC59D5626BF6AF9005EE1C5 /* RequestsViewController.swift in Sources */,
				DE7FA7E926CB34CC0079D278 /* InboxViewController.swift in Sources */,
				DE8358C12636518F00E3F1A7 /* AppDelegate.swift in Sources */,
				DE87FE4426AD040B00F996C7 /* CartModel.swift in Sources */,
				DEE7E12926B8F5DD008E429C /* MyAddressViewController.swift in Sources */,
				DEE7E12726B8F552008E429C /* AddressCollectionViewCell.swift in Sources */,
				DE6A507026A3B63C008B9427 /* AddProductExtraViewController.swift in Sources */,
				DEF4895326C794B7002AABDC /* ProductImage.swift in Sources */,
				DE768903269FFF3400F0C888 /* ManageShopViewController.swift in Sources */,
				DE6B715226B7AB2E000EF674 /* EditProfileViewController.swift in Sources */,
				DE81F39126BC9FE9001C1E94 /* FollowedShopCollectionViewCell.swift in Sources */,
				DE8358C32636518F00E3F1A7 /* SceneDelegate.swift in Sources */,
				DE1F35982686891B005195CA /* StateModel.swift in Sources */,
				DED520B526ABCAB000B77652 /* MyInventoryViewController.swift in Sources */,
				DEF6CC3F268C013600DD6887 /* AddShopViewController.swift in Sources */,
				DE4FEFAB26C6154500BAD3E6 /* ProductImageViewController.swift in Sources */,
				DE278927268D8DF4009CD37C /* Shop.swift in Sources */,
				DE87FE4C26AD0D5600F996C7 /* OrderItemModel.swift in Sources */,
				DEE2C3B326BF87D000CEDE15 /* Request.swift in Sources */,
				DE1F359A26869F89005195CA /* Alerts.swift in Sources */,
				DE3718C12636A063001CF554 /* SignUpViewController.swift in Sources */,
				DE1F3596268682F3005195CA /* AddressViewController.swift in Sources */,
				DE3B528B26D0853F007DF799 /* MyChatRoom.swift in Sources */,
				DE76890926A016F400F0C888 /* User.swift in Sources */,
				DE6A6A3C26AFDBC2006B4D04 /* CartViewController.swift in Sources */,
				DE4FEFAD26C6195800BAD3E6 /* ImagePageViewController.swift in Sources */,
				DE1048F126CB9E47003F5D11 /* MessageModel.swift in Sources */,
				DE6717E326A90EA700FE60DA /* MyProductViewController.swift in Sources */,
				DEB57D5826CF99EA00514C4C /* ChatRoomModel.swift in Sources */,
				DEC9E4F526B4BF18002891A9 /* EnumFiles.swift in Sources */,
				DE278925268D8D57009CD37C /* MyStoreViewController.swift in Sources */,
				DE87FE4626AD05D500F996C7 /* CartItemModel.swift in Sources */,
				DE87FE4A26AD0D4A00F996C7 /* OrderModel.swift in Sources */,
				DE21B56D26CCC96200B2FB42 /* MessageTableViewCell.swift in Sources */,
				DECE377426ABDBD800EB2406 /* DiscoverViewController.swift in Sources */,
				DE3E66762637A4E900128755 /* AccountTableOptions.swift in Sources */,
				DE76890526A004E200F0C888 /* General.swift in Sources */,
				DE6A6A3E26AFDC9A006B4D04 /* CartItemCollectionViewCell.swift in Sources */,
				DEC59D5926BF6BA2005EE1C5 /* RequestsTableViewCell.swift in Sources */,
				DE9978F726BD057A0043AD8C /* UpdateProductCollectionViewCell.swift in Sources */,
			);
			runOnlyForDeploymentPostprocessing = 0;
		};
/* End PBXSourcesBuildPhase section */

/* Begin PBXVariantGroup section */
		DE8358C62636518F00E3F1A7 /* Main.storyboard */ = {
			isa = PBXVariantGroup;
			children = (
				DE8358C72636518F00E3F1A7 /* Base */,
			);
			name = Main.storyboard;
			sourceTree = "<group>";
		};
		DE8358CB2636518F00E3F1A7 /* LaunchScreen.storyboard */ = {
			isa = PBXVariantGroup;
			children = (
				DE8358CC2636518F00E3F1A7 /* Base */,
			);
			name = LaunchScreen.storyboard;
			sourceTree = "<group>";
		};
/* End PBXVariantGroup section */

/* Begin XCBuildConfiguration section */
		DE8358CF2636518F00E3F1A7 /* Debug */ = {
			isa = XCBuildConfiguration;
			buildSettings = {
				ALWAYS_SEARCH_USER_PATHS = NO;
				CLANG_ANALYZER_NONNULL = YES;
				CLANG_ANALYZER_NUMBER_OBJECT_CONVERSION = YES_AGGRESSIVE;
				CLANG_CXX_LANGUAGE_STANDARD = "gnu++14";
				CLANG_CXX_LIBRARY = "libc++";
				CLANG_ENABLE_MODULES = YES;
				CLANG_ENABLE_OBJC_ARC = YES;
				CLANG_ENABLE_OBJC_WEAK = YES;
				CLANG_WARN_BLOCK_CAPTURE_AUTORELEASING = YES;
				CLANG_WARN_BOOL_CONVERSION = YES;
				CLANG_WARN_COMMA = YES;
				CLANG_WARN_CONSTANT_CONVERSION = YES;
				CLANG_WARN_DEPRECATED_OBJC_IMPLEMENTATIONS = YES;
				CLANG_WARN_DIRECT_OBJC_ISA_USAGE = YES_ERROR;
				CLANG_WARN_DOCUMENTATION_COMMENTS = YES;
				CLANG_WARN_EMPTY_BODY = YES;
				CLANG_WARN_ENUM_CONVERSION = YES;
				CLANG_WARN_INFINITE_RECURSION = YES;
				CLANG_WARN_INT_CONVERSION = YES;
				CLANG_WARN_NON_LITERAL_NULL_CONVERSION = YES;
				CLANG_WARN_OBJC_IMPLICIT_RETAIN_SELF = YES;
				CLANG_WARN_OBJC_LITERAL_CONVERSION = YES;
				CLANG_WARN_OBJC_ROOT_CLASS = YES_ERROR;
				CLANG_WARN_QUOTED_INCLUDE_IN_FRAMEWORK_HEADER = YES;
				CLANG_WARN_RANGE_LOOP_ANALYSIS = YES;
				CLANG_WARN_STRICT_PROTOTYPES = YES;
				CLANG_WARN_SUSPICIOUS_MOVE = YES;
				CLANG_WARN_UNGUARDED_AVAILABILITY = YES_AGGRESSIVE;
				CLANG_WARN_UNREACHABLE_CODE = YES;
				CLANG_WARN__DUPLICATE_METHOD_MATCH = YES;
				COPY_PHASE_STRIP = NO;
				DEBUG_INFORMATION_FORMAT = dwarf;
				ENABLE_STRICT_OBJC_MSGSEND = YES;
				ENABLE_TESTABILITY = YES;
				GCC_C_LANGUAGE_STANDARD = gnu11;
				GCC_DYNAMIC_NO_PIC = NO;
				GCC_NO_COMMON_BLOCKS = YES;
				GCC_OPTIMIZATION_LEVEL = 0;
				GCC_PREPROCESSOR_DEFINITIONS = (
					"DEBUG=1",
					"$(inherited)",
				);
				GCC_WARN_64_TO_32_BIT_CONVERSION = YES;
				GCC_WARN_ABOUT_RETURN_TYPE = YES_ERROR;
				GCC_WARN_UNDECLARED_SELECTOR = YES;
				GCC_WARN_UNINITIALIZED_AUTOS = YES_AGGRESSIVE;
				GCC_WARN_UNUSED_FUNCTION = YES;
				GCC_WARN_UNUSED_VARIABLE = YES;
				IPHONEOS_DEPLOYMENT_TARGET = 12.1;
				MTL_ENABLE_DEBUG_INFO = INCLUDE_SOURCE;
				MTL_FAST_MATH = YES;
				ONLY_ACTIVE_ARCH = YES;
				SDKROOT = iphoneos;
				SWIFT_ACTIVE_COMPILATION_CONDITIONS = DEBUG;
				SWIFT_OPTIMIZATION_LEVEL = "-Onone";
				SWIFT_VERSION = 5.0;
			};
			name = Debug;
		};
		DE8358D02636518F00E3F1A7 /* Release */ = {
			isa = XCBuildConfiguration;
			buildSettings = {
				ALWAYS_SEARCH_USER_PATHS = NO;
				CLANG_ANALYZER_NONNULL = YES;
				CLANG_ANALYZER_NUMBER_OBJECT_CONVERSION = YES_AGGRESSIVE;
				CLANG_CXX_LANGUAGE_STANDARD = "gnu++14";
				CLANG_CXX_LIBRARY = "libc++";
				CLANG_ENABLE_MODULES = YES;
				CLANG_ENABLE_OBJC_ARC = YES;
				CLANG_ENABLE_OBJC_WEAK = YES;
				CLANG_WARN_BLOCK_CAPTURE_AUTORELEASING = YES;
				CLANG_WARN_BOOL_CONVERSION = YES;
				CLANG_WARN_COMMA = YES;
				CLANG_WARN_CONSTANT_CONVERSION = YES;
				CLANG_WARN_DEPRECATED_OBJC_IMPLEMENTATIONS = YES;
				CLANG_WARN_DIRECT_OBJC_ISA_USAGE = YES_ERROR;
				CLANG_WARN_DOCUMENTATION_COMMENTS = YES;
				CLANG_WARN_EMPTY_BODY = YES;
				CLANG_WARN_ENUM_CONVERSION = YES;
				CLANG_WARN_INFINITE_RECURSION = YES;
				CLANG_WARN_INT_CONVERSION = YES;
				CLANG_WARN_NON_LITERAL_NULL_CONVERSION = YES;
				CLANG_WARN_OBJC_IMPLICIT_RETAIN_SELF = YES;
				CLANG_WARN_OBJC_LITERAL_CONVERSION = YES;
				CLANG_WARN_OBJC_ROOT_CLASS = YES_ERROR;
				CLANG_WARN_QUOTED_INCLUDE_IN_FRAMEWORK_HEADER = YES;
				CLANG_WARN_RANGE_LOOP_ANALYSIS = YES;
				CLANG_WARN_STRICT_PROTOTYPES = YES;
				CLANG_WARN_SUSPICIOUS_MOVE = YES;
				CLANG_WARN_UNGUARDED_AVAILABILITY = YES_AGGRESSIVE;
				CLANG_WARN_UNREACHABLE_CODE = YES;
				CLANG_WARN__DUPLICATE_METHOD_MATCH = YES;
				COPY_PHASE_STRIP = NO;
				DEBUG_INFORMATION_FORMAT = "dwarf-with-dsym";
				ENABLE_NS_ASSERTIONS = NO;
				ENABLE_STRICT_OBJC_MSGSEND = YES;
				GCC_C_LANGUAGE_STANDARD = gnu11;
				GCC_NO_COMMON_BLOCKS = YES;
				GCC_WARN_64_TO_32_BIT_CONVERSION = YES;
				GCC_WARN_ABOUT_RETURN_TYPE = YES_ERROR;
				GCC_WARN_UNDECLARED_SELECTOR = YES;
				GCC_WARN_UNINITIALIZED_AUTOS = YES_AGGRESSIVE;
				GCC_WARN_UNUSED_FUNCTION = YES;
				GCC_WARN_UNUSED_VARIABLE = YES;
				IPHONEOS_DEPLOYMENT_TARGET = 12.1;
				MTL_ENABLE_DEBUG_INFO = NO;
				MTL_FAST_MATH = YES;
				SDKROOT = iphoneos;
				SWIFT_COMPILATION_MODE = wholemodule;
				SWIFT_OPTIMIZATION_LEVEL = "-O";
				VALIDATE_PRODUCT = YES;
			};
			name = Release;
		};
		DE8358D22636518F00E3F1A7 /* Debug */ = {
			isa = XCBuildConfiguration;
			baseConfigurationReference = 14FBC875224EB524A94A8ADC /* Pods-App.debug.xcconfig */;
			buildSettings = {
				ASSETCATALOG_COMPILER_APPICON_NAME = AppIcon;
				ASSETCATALOG_COMPILER_GLOBAL_ACCENT_COLOR_NAME = AccentColor;
				CODE_SIGN_STYLE = Automatic;
				DEVELOPMENT_TEAM = HQ9LH2Q762;
				INFOPLIST_FILE = App/Info.plist;
				IPHONEOS_DEPLOYMENT_TARGET = 13.0;
				LD_RUNPATH_SEARCH_PATHS = (
					"$(inherited)",
					"@executable_path/Frameworks",
				);
				PRODUCT_BUNDLE_IDENTIFIER = com.rahul.App;
				PRODUCT_NAME = "$(TARGET_NAME)";
				SWIFT_VERSION = 5.0;
				TARGETED_DEVICE_FAMILY = 1;
			};
			name = Debug;
		};
		DE8358D32636518F00E3F1A7 /* Release */ = {
			isa = XCBuildConfiguration;
			baseConfigurationReference = D1EC63427575DA26D5E1497D /* Pods-App.release.xcconfig */;
			buildSettings = {
				ASSETCATALOG_COMPILER_APPICON_NAME = AppIcon;
				ASSETCATALOG_COMPILER_GLOBAL_ACCENT_COLOR_NAME = AccentColor;
				CODE_SIGN_STYLE = Automatic;
				DEVELOPMENT_TEAM = HQ9LH2Q762;
				INFOPLIST_FILE = App/Info.plist;
				IPHONEOS_DEPLOYMENT_TARGET = 13.0;
				LD_RUNPATH_SEARCH_PATHS = (
					"$(inherited)",
					"@executable_path/Frameworks",
				);
				PRODUCT_BUNDLE_IDENTIFIER = com.rahul.App;
				PRODUCT_NAME = "$(TARGET_NAME)";
				SWIFT_VERSION = 5.0;
				TARGETED_DEVICE_FAMILY = 1;
			};
			name = Release;
		};
/* End XCBuildConfiguration section */

/* Begin XCConfigurationList section */
		DE8358B82636518E00E3F1A7 /* Build configuration list for PBXProject "Shopio" */ = {
			isa = XCConfigurationList;
			buildConfigurations = (
				DE8358CF2636518F00E3F1A7 /* Debug */,
				DE8358D02636518F00E3F1A7 /* Release */,
			);
			defaultConfigurationIsVisible = 0;
			defaultConfigurationName = Release;
		};
		DE8358D12636518F00E3F1A7 /* Build configuration list for PBXNativeTarget "App" */ = {
			isa = XCConfigurationList;
			buildConfigurations = (
				DE8358D22636518F00E3F1A7 /* Debug */,
				DE8358D32636518F00E3F1A7 /* Release */,
			);
			defaultConfigurationIsVisible = 0;
			defaultConfigurationName = Release;
		};
/* End XCConfigurationList section */
	};
	rootObject = DE8358B52636518E00E3F1A7 /* Project object */;
}
